
Microsoft Visual Studio Solution File, Format Version 12.00
# Visual Studio Version 17
VisualStudioVersion = 17.10.34916.146
MinimumVisualStudioVersion = 10.0.40219.1
Project("{FAE04EC0-301F-11D3-BF4B-00C04F79EFBC}") = "Pr1", "Pr1\Pr1.csproj", "{0A1715A0-C5BA-4018-A56E-FD0F39A46E55}"
EndProject
Project("{FAE04EC0-301F-11D3-BF4B-00C04F79EFBC}") = "Pr3", "Pr3\Pr3.csproj", "{EA6C1FE6-ED02-4A5A-A554-7AD1E0F18FF9}"
EndProject
Project("{FAE04EC0-301F-11D3-BF4B-00C04F79EFBC}") = "Pr2", "Pr2\Pr2.csproj", "{63D812B1-FF15-4377-8BC7-3E6898077285}"
EndProject
Project("{FAE04EC0-301F-11D3-BF4B-00C04F79EFBC}") = "Pr4", "Pr4\Pr4.csproj", "{BC0414D1-3EDB-4592-B68E-1BD42D775D2C}"
EndProject
Project("{FAE04EC0-301F-11D3-BF4B-00C04F79EFBC}") = "Pr5", "Pr5\Pr5.csproj", "{751CF8CC-91D5-47E5-81F8-5AC7A7C5A3EC}"
EndProject
Global
	GlobalSection(SolutionConfigurationPlatforms) = preSolution
		Debug|Any CPU = Debug|Any CPU
		Release|Any CPU = Release|Any CPU
	EndGlobalSection
	GlobalSection(ProjectConfigurationPlatforms) = postSolution
		{0A1715A0-C5BA-4018-A56E-FD0F39A46E55}.Debug|Any CPU.ActiveCfg = Debug|Any CPU
		{0A1715A0-C5BA-4018-A56E-FD0F39A46E55}.Debug|Any CPU.Build.0 = Debug|Any CPU
		{0A1715A0-C5BA-4018-A56E-FD0F39A46E55}.Release|Any CPU.ActiveCfg = Release|Any CPU
		{0A1715A0-C5BA-4018-A56E-FD0F39A46E55}.Release|Any CPU.Build.0 = Release|Any CPU
		{EA6C1FE6-ED02-4A5A-A554-7AD1E0F18FF9}.Debug|Any CPU.ActiveCfg = Debug|Any CPU
		{EA6C1FE6-ED02-4A5A-A554-7AD1E0F18FF9}.Debug|Any CPU.Build.0 = Debug|Any CPU
		{EA6C1FE6-ED02-4A5A-A554-7AD1E0F18FF9}.Release|Any CPU.ActiveCfg = Release|Any CPU
		{EA6C1FE6-ED02-4A5A-A554-7AD1E0F18FF9}.Release|Any CPU.Build.0 = Release|Any CPU
		{63D812B1-FF15-4377-8BC7-3E6898077285}.Debug|Any CPU.ActiveCfg = Debug|Any CPU
		{63D812B1-FF15-4377-8BC7-3E6898077285}.Debug|Any CPU.Build.0 = Debug|Any CPU
		{63D812B1-FF15-4377-8BC7-3E6898077285}.Release|Any CPU.ActiveCfg = Release|Any CPU
		{63D812B1-FF15-4377-8BC7-3E6898077285}.Release|Any CPU.Build.0 = Release|Any CPU
		{BC0414D1-3EDB-4592-B68E-1BD42D775D2C}.Debug|Any CPU.ActiveCfg = Debug|Any CPU
		{BC0414D1-3EDB-4592-B68E-1BD42D775D2C}.Debug|Any CPU.Build.0 = Debug|Any CPU
		{BC0414D1-3EDB-4592-B68E-1BD42D775D2C}.Release|Any CPU.ActiveCfg = Release|Any CPU
		{BC0414D1-3EDB-4592-B68E-1BD42D775D2C}.Release|Any CPU.Build.0 = Release|Any CPU
		{751CF8CC-91D5-47E5-81F8-5AC7A7C5A3EC}.Debug|Any CPU.ActiveCfg = Debug|Any CPU
		{751CF8CC-91D5-47E5-81F8-5AC7A7C5A3EC}.Debug|Any CPU.Build.0 = Debug|Any CPU
		{751CF8CC-91D5-47E5-81F8-5AC7A7C5A3EC}.Release|Any CPU.ActiveCfg = Release|Any CPU
		{751CF8CC-91D5-47E5-81F8-5AC7A7C5A3EC}.Release|Any CPU.Build.0 = Release|Any CPU
	EndGlobalSection
	GlobalSection(SolutionProperties) = preSolution
		HideSolutionNode = FALSE
	EndGlobalSection
	GlobalSection(ExtensibilityGlobals) = postSolution
		SolutionGuid = {05F0D5DD-34E3-4617-A363-44FF0733A5EA}
	EndGlobalSection
EndGlobal
